
Microsoft Visual Studio Solution File, Format Version 12.00
# Visual Studio Version 16
VisualStudioVersion = 16.0.30413.136
MinimumVisualStudioVersion = 10.0.40219.1
Project("{FAE04EC0-301F-11D3-BF4B-00C04F79EFBC}") = "Grap.Principal", "Grap.Principal\Grap.Principal.csproj", "{8826E4D6-D88F-4D21-BBBE-34060D788AD6}"
EndProject
Project("{9A19103F-16F7-4668-BE54-9A1E7A4F7556}") = "Graph.Common", "Graph.Common\Graph.Common.csproj", "{A79F8F41-A861-43FD-AFEB-1BFC9CFEBFC0}"
EndProject
Global
	GlobalSection(SolutionConfigurationPlatforms) = preSolution
		Debug|Any CPU = Debug|Any CPU
		Release|Any CPU = Release|Any CPU
	EndGlobalSection
	GlobalSection(ProjectConfigurationPlatforms) = postSolution
		{8826E4D6-D88F-4D21-BBBE-34060D788AD6}.Debug|Any CPU.ActiveCfg = Debug|Any CPU
		{8826E4D6-D88F-4D21-BBBE-34060D788AD6}.Debug|Any CPU.Build.0 = Debug|Any CPU
		{8826E4D6-D88F-4D21-BBBE-34060D788AD6}.Release|Any CPU.ActiveCfg = Release|Any CPU
		{8826E4D6-D88F-4D21-BBBE-34060D788AD6}.Release|Any CPU.Build.0 = Release|Any CPU
		{A79F8F41-A861-43FD-AFEB-1BFC9CFEBFC0}.Debug|Any CPU.ActiveCfg = Debug|Any CPU
		{A79F8F41-A861-43FD-AFEB-1BFC9CFEBFC0}.Debug|Any CPU.Build.0 = Debug|Any CPU
		{A79F8F41-A861-43FD-AFEB-1BFC9CFEBFC0}.Release|Any CPU.ActiveCfg = Release|Any CPU
		{A79F8F41-A861-43FD-AFEB-1BFC9CFEBFC0}.Release|Any CPU.Build.0 = Release|Any CPU
	EndGlobalSection
	GlobalSection(SolutionProperties) = preSolution
		HideSolutionNode = FALSE
	EndGlobalSection
	GlobalSection(ExtensibilityGlobals) = postSolution
		SolutionGuid = {0465C260-38BD-4BFA-9272-0A8103C246FF}
	EndGlobalSection
EndGlobal
